
Microsoft Visual Studio Solution File, Format Version 12.00
# Visual Studio Version 16
VisualStudioVersion = 16.0.30320.27
MinimumVisualStudioVersion = 10.0.40219.1
Project("{9A19103F-16F7-4668-BE54-9A1E7A4F7556}") = "lineBot", "lineBot\lineBot.csproj", "{806D566A-7A61-4057-8DC1-B1C8C56C0183}"
EndProject
Project("{9A19103F-16F7-4668-BE54-9A1E7A4F7556}") = "lineBot.Core", "lineBot.Core\lineBot.Core.csproj", "{1CA9D4E2-396B-44F9-A115-28C36518071C}"
EndProject
Project("{FAE04EC0-301F-11D3-BF4B-00C04F79EFBC}") = "lineBot.ApplicationServices", "lineBot.ApplicationServices\lineBot.ApplicationServices.csproj", "{6595B459-1529-4EC3-B728-C08B8794CE12}"
EndProject
Global
	GlobalSection(SolutionConfigurationPlatforms) = preSolution
		Debug|Any CPU = Debug|Any CPU
		Release|Any CPU = Release|Any CPU
	EndGlobalSection
	GlobalSection(ProjectConfigurationPlatforms) = postSolution
		{806D566A-7A61-4057-8DC1-B1C8C56C0183}.Debug|Any CPU.ActiveCfg = Debug|Any CPU
		{806D566A-7A61-4057-8DC1-B1C8C56C0183}.Debug|Any CPU.Build.0 = Debug|Any CPU
		{806D566A-7A61-4057-8DC1-B1C8C56C0183}.Release|Any CPU.ActiveCfg = Release|Any CPU
		{806D566A-7A61-4057-8DC1-B1C8C56C0183}.Release|Any CPU.Build.0 = Release|Any CPU
		{1CA9D4E2-396B-44F9-A115-28C36518071C}.Debug|Any CPU.ActiveCfg = Debug|Any CPU
		{1CA9D4E2-396B-44F9-A115-28C36518071C}.Debug|Any CPU.Build.0 = Debug|Any CPU
		{1CA9D4E2-396B-44F9-A115-28C36518071C}.Release|Any CPU.ActiveCfg = Release|Any CPU
		{1CA9D4E2-396B-44F9-A115-28C36518071C}.Release|Any CPU.Build.0 = Release|Any CPU
		{6595B459-1529-4EC3-B728-C08B8794CE12}.Debug|Any CPU.ActiveCfg = Debug|Any CPU
		{6595B459-1529-4EC3-B728-C08B8794CE12}.Debug|Any CPU.Build.0 = Debug|Any CPU
		{6595B459-1529-4EC3-B728-C08B8794CE12}.Release|Any CPU.ActiveCfg = Release|Any CPU
		{6595B459-1529-4EC3-B728-C08B8794CE12}.Release|Any CPU.Build.0 = Release|Any CPU
	EndGlobalSection
	GlobalSection(SolutionProperties) = preSolution
		HideSolutionNode = FALSE
	EndGlobalSection
	GlobalSection(ExtensibilityGlobals) = postSolution
		SolutionGuid = {087F3BC5-0349-4850-8710-1EDFF297AA57}
	EndGlobalSection
EndGlobal
